// !$*UTF8*$!
{
	archiveVersion = 1;
	classes = {
	};
	objectVersion = 55;
	objects = {

/* Begin PBXBuildFile section */
		8CC8A24528BF545700579FFC /* AppDelegate.swift in Sources */ = {isa = PBXBuildFile; fileRef = 8CC8A24428BF545700579FFC /* AppDelegate.swift */; };
		8CC8A24728BF545700579FFC /* SceneDelegate.swift in Sources */ = {isa = PBXBuildFile; fileRef = 8CC8A24628BF545700579FFC /* SceneDelegate.swift */; };
		8CC8A24928BF545700579FFC /* MainViewController.swift in Sources */ = {isa = PBXBuildFile; fileRef = 8CC8A24828BF545700579FFC /* MainViewController.swift */; };
		8CC8A24C28BF545700579FFC /* Main.storyboard in Resources */ = {isa = PBXBuildFile; fileRef = 8CC8A24A28BF545700579FFC /* Main.storyboard */; };
		8CC8A24E28BF545800579FFC /* Assets.xcassets in Resources */ = {isa = PBXBuildFile; fileRef = 8CC8A24D28BF545800579FFC /* Assets.xcassets */; };
		8CC8A25128BF545800579FFC /* LaunchScreen.storyboard in Resources */ = {isa = PBXBuildFile; fileRef = 8CC8A24F28BF545800579FFC /* LaunchScreen.storyboard */; };
		8CC8A25F28BF617200579FFC /* WriteViewController.swift in Sources */ = {isa = PBXBuildFile; fileRef = 8CC8A25E28BF617200579FFC /* WriteViewController.swift */; };
		8CC8A26228BF685E00579FFC /* SnapKit in Frameworks */ = {isa = PBXBuildFile; productRef = 8CC8A26128BF685E00579FFC /* SnapKit */; };
		8CC8A26428BF6E2500579FFC /* MainTableViewCell.swift in Sources */ = {isa = PBXBuildFile; fileRef = 8CC8A26328BF6E2500579FFC /* MainTableViewCell.swift */; };
		8CC8A26928C0F2FA00579FFC /* Realm in Frameworks */ = {isa = PBXBuildFile; productRef = 8CC8A26828C0F2FA00579FFC /* Realm */; };
		8CC8A26B28C0F2FA00579FFC /* RealmSwift in Frameworks */ = {isa = PBXBuildFile; productRef = 8CC8A26A28C0F2FA00579FFC /* RealmSwift */; };
		8CC8A26D28C0F38E00579FFC /* MemoModel.swift in Sources */ = {isa = PBXBuildFile; fileRef = 8CC8A26C28C0F38E00579FFC /* MemoModel.swift */; };
/* End PBXBuildFile section */

/* Begin PBXFileReference section */
		8CC8A24128BF545700579FFC /* MemoProject.app */ = {isa = PBXFileReference; explicitFileType = wrapper.application; includeInIndex = 0; path = MemoProject.app; sourceTree = BUILT_PRODUCTS_DIR; };
		8CC8A24428BF545700579FFC /* AppDelegate.swift */ = {isa = PBXFileReference; lastKnownFileType = sourcecode.swift; path = AppDelegate.swift; sourceTree = "<group>"; };
		8CC8A24628BF545700579FFC /* SceneDelegate.swift */ = {isa = PBXFileReference; lastKnownFileType = sourcecode.swift; path = SceneDelegate.swift; sourceTree = "<group>"; };
		8CC8A24828BF545700579FFC /* MainViewController.swift */ = {isa = PBXFileReference; lastKnownFileType = sourcecode.swift; path = MainViewController.swift; sourceTree = "<group>"; };
		8CC8A24B28BF545700579FFC /* Base */ = {isa = PBXFileReference; lastKnownFileType = file.storyboard; name = Base; path = Base.lproj/Main.storyboard; sourceTree = "<group>"; };
		8CC8A24D28BF545800579FFC /* Assets.xcassets */ = {isa = PBXFileReference; lastKnownFileType = folder.assetcatalog; path = Assets.xcassets; sourceTree = "<group>"; };
		8CC8A25028BF545800579FFC /* Base */ = {isa = PBXFileReference; lastKnownFileType = file.storyboard; name = Base; path = Base.lproj/LaunchScreen.storyboard; sourceTree = "<group>"; };
		8CC8A25228BF545800579FFC /* Info.plist */ = {isa = PBXFileReference; lastKnownFileType = text.plist.xml; path = Info.plist; sourceTree = "<group>"; };
		8CC8A25E28BF617200579FFC /* WriteViewController.swift */ = {isa = PBXFileReference; lastKnownFileType = sourcecode.swift; path = WriteViewController.swift; sourceTree = "<group>"; };
		8CC8A26328BF6E2500579FFC /* MainTableViewCell.swift */ = {isa = PBXFileReference; lastKnownFileType = sourcecode.swift; path = MainTableViewCell.swift; sourceTree = "<group>"; };
		8CC8A26C28C0F38E00579FFC /* MemoModel.swift */ = {isa = PBXFileReference; lastKnownFileType = sourcecode.swift; path = MemoModel.swift; sourceTree = "<group>"; };
/* End PBXFileReference section */

/* Begin PBXFrameworksBuildPhase section */
		8CC8A23E28BF545700579FFC /* Frameworks */ = {
			isa = PBXFrameworksBuildPhase;
			buildActionMask = 2147483647;
			files = (
				8CC8A26B28C0F2FA00579FFC /* RealmSwift in Frameworks */,
				8CC8A26928C0F2FA00579FFC /* Realm in Frameworks */,
				8CC8A26228BF685E00579FFC /* SnapKit in Frameworks */,
			);
			runOnlyForDeploymentPostprocessing = 0;
		};
/* End PBXFrameworksBuildPhase section */

/* Begin PBXGroup section */
		8CC8A23828BF545600579FFC = {
			isa = PBXGroup;
			children = (
				8CC8A24328BF545700579FFC /* MemoProject */,
				8CC8A24228BF545700579FFC /* Products */,
			);
			sourceTree = "<group>";
		};
		8CC8A24228BF545700579FFC /* Products */ = {
			isa = PBXGroup;
			children = (
				8CC8A24128BF545700579FFC /* MemoProject.app */,
			);
			name = Products;
			sourceTree = "<group>";
		};
		8CC8A24328BF545700579FFC /* MemoProject */ = {
			isa = PBXGroup;
			children = (
				8CC8A24428BF545700579FFC /* AppDelegate.swift */,
				8CC8A24628BF545700579FFC /* SceneDelegate.swift */,
				8CC8A24828BF545700579FFC /* MainViewController.swift */,
				8CC8A24A28BF545700579FFC /* Main.storyboard */,
				8CC8A24F28BF545800579FFC /* LaunchScreen.storyboard */,
				8CC8A24D28BF545800579FFC /* Assets.xcassets */,
				8CC8A25228BF545800579FFC /* Info.plist */,
				8CC8A25E28BF617200579FFC /* WriteViewController.swift */,
				8CC8A26C28C0F38E00579FFC /* MemoModel.swift */,
				8CC8A26328BF6E2500579FFC /* MainTableViewCell.swift */,
			);
			path = MemoProject;
			sourceTree = "<group>";
		};
/* End PBXGroup section */

/* Begin PBXNativeTarget section */
		8CC8A24028BF545700579FFC /* MemoProject */ = {
			isa = PBXNativeTarget;
			buildConfigurationList = 8CC8A25528BF545800579FFC /* Build configuration list for PBXNativeTarget "MemoProject" */;
			buildPhases = (
				8CC8A23D28BF545700579FFC /* Sources */,
				8CC8A23E28BF545700579FFC /* Frameworks */,
				8CC8A23F28BF545700579FFC /* Resources */,
			);
			buildRules = (
			);
			dependencies = (
			);
			name = MemoProject;
			packageProductDependencies = (
				8CC8A26128BF685E00579FFC /* SnapKit */,
				8CC8A26828C0F2FA00579FFC /* Realm */,
				8CC8A26A28C0F2FA00579FFC /* RealmSwift */,
			);
			productName = MemoProject;
			productReference = 8CC8A24128BF545700579FFC /* MemoProject.app */;
			productType = "com.apple.product-type.application";
		};
/* End PBXNativeTarget section */

/* Begin PBXProject section */
		8CC8A23928BF545600579FFC /* Project object */ = {
			isa = PBXProject;
			attributes = {
				BuildIndependentTargetsInParallel = 1;
				LastSwiftUpdateCheck = 1340;
				LastUpgradeCheck = 1340;
				TargetAttributes = {
					8CC8A24028BF545700579FFC = {
						CreatedOnToolsVersion = 13.4.1;
					};
				};
			};
			buildConfigurationList = 8CC8A23C28BF545600579FFC /* Build configuration list for PBXProject "MemoProject" */;
			compatibilityVersion = "Xcode 13.0";
			developmentRegion = en;
			hasScannedForEncodings = 0;
			knownRegions = (
				en,
				Base,
			);
			mainGroup = 8CC8A23828BF545600579FFC;
			packageReferences = (
				8CC8A26028BF685E00579FFC /* XCRemoteSwiftPackageReference "SnapKit" */,
				8CC8A26728C0F2FA00579FFC /* XCRemoteSwiftPackageReference "realm-swift" */,
			);
			productRefGroup = 8CC8A24228BF545700579FFC /* Products */;
			projectDirPath = "";
			projectRoot = "";
			targets = (
				8CC8A24028BF545700579FFC /* MemoProject */,
			);
		};
/* End PBXProject section */

/* Begin PBXResourcesBuildPhase section */
		8CC8A23F28BF545700579FFC /* Resources */ = {
			isa = PBXResourcesBuildPhase;
			buildActionMask = 2147483647;
			files = (
				8CC8A25128BF545800579FFC /* LaunchScreen.storyboard in Resources */,
				8CC8A24E28BF545800579FFC /* Assets.xcassets in Resources */,
				8CC8A24C28BF545700579FFC /* Main.storyboard in Resources */,
			);
			runOnlyForDeploymentPostprocessing = 0;
		};
/* End PBXResourcesBuildPhase section */

/* Begin PBXSourcesBuildPhase section */
		8CC8A23D28BF545700579FFC /* Sources */ = {
			isa = PBXSourcesBuildPhase;
			buildActionMask = 2147483647;
			files = (
				8CC8A24928BF545700579FFC /* MainViewController.swift in Sources */,
				8CC8A24528BF545700579FFC /* AppDelegate.swift in Sources */,
				8CC8A25F28BF617200579FFC /* WriteViewController.swift in Sources */,
				8CC8A24728BF545700579FFC /* SceneDelegate.swift in Sources */,
				8CC8A26428BF6E2500579FFC /* MainTableViewCell.swift in Sources */,
				8CC8A26D28C0F38E00579FFC /* MemoModel.swift in Sources */,
			);
			runOnlyForDeploymentPostprocessing = 0;
		};
/* End PBXSourcesBuildPhase section */

/* Begin PBXVariantGroup section */
		8CC8A24A28BF545700579FFC /* Main.storyboard */ = {
			isa = PBXVariantGroup;
			children = (
				8CC8A24B28BF545700579FFC /* Base */,
			);
			name = Main.storyboard;
			sourceTree = "<group>";
		};
		8CC8A24F28BF545800579FFC /* LaunchScreen.storyboard */ = {
			isa = PBXVariantGroup;
			children = (
				8CC8A25028BF545800579FFC /* Base */,
			);
			name = LaunchScreen.storyboard;
			sourceTree = "<group>";
		};
/* End PBXVariantGroup section */

/* Begin XCBuildConfiguration section */
		8CC8A25328BF545800579FFC /* Debug */ = {
			isa = XCBuildConfiguration;
			buildSettings = {
				ALWAYS_SEARCH_USER_PATHS = NO;
				CLANG_ANALYZER_NONNULL = YES;
				CLANG_ANALYZER_NUMBER_OBJECT_CONVERSION = YES_AGGRESSIVE;
				CLANG_CXX_LANGUAGE_STANDARD = "gnu++17";
				CLANG_ENABLE_MODULES = YES;
				CLANG_ENABLE_OBJC_ARC = YES;
				CLANG_ENABLE_OBJC_WEAK = YES;
				CLANG_WARN_BLOCK_CAPTURE_AUTORELEASING = YES;
				CLANG_WARN_BOOL_CONVERSION = YES;
				CLANG_WARN_COMMA = YES;
				CLANG_WARN_CONSTANT_CONVERSION = YES;
				CLANG_WARN_DEPRECATED_OBJC_IMPLEMENTATIONS = YES;
				CLANG_WARN_DIRECT_OBJC_ISA_USAGE = YES_ERROR;
				CLANG_WARN_DOCUMENTATION_COMMENTS = YES;
				CLANG_WARN_EMPTY_BODY = YES;
				CLANG_WARN_ENUM_CONVERSION = YES;
				CLANG_WARN_INFINITE_RECURSION = YES;
				CLANG_WARN_INT_CONVERSION = YES;
				CLANG_WARN_NON_LITERAL_NULL_CONVERSION = YES;
				CLANG_WARN_OBJC_IMPLICIT_RETAIN_SELF = YES;
				CLANG_WARN_OBJC_LITERAL_CONVERSION = YES;
				CLANG_WARN_OBJC_ROOT_CLASS = YES_ERROR;
				CLANG_WARN_QUOTED_INCLUDE_IN_FRAMEWORK_HEADER = YES;
				CLANG_WARN_RANGE_LOOP_ANALYSIS = YES;
				CLANG_WARN_STRICT_PROTOTYPES = YES;
				CLANG_WARN_SUSPICIOUS_MOVE = YES;
				CLANG_WARN_UNGUARDED_AVAILABILITY = YES_AGGRESSIVE;
				CLANG_WARN_UNREACHABLE_CODE = YES;
				CLANG_WARN__DUPLICATE_METHOD_MATCH = YES;
				COPY_PHASE_STRIP = NO;
				DEBUG_INFORMATION_FORMAT = dwarf;
				ENABLE_STRICT_OBJC_MSGSEND = YES;
				ENABLE_TESTABILITY = YES;
				GCC_C_LANGUAGE_STANDARD = gnu11;
				GCC_DYNAMIC_NO_PIC = NO;
				GCC_NO_COMMON_BLOCKS = YES;
				GCC_OPTIMIZATION_LEVEL = 0;
				GCC_PREPROCESSOR_DEFINITIONS = (
					"DEBUG=1",
					"$(inherited)",
				);
				GCC_WARN_64_TO_32_BIT_CONVERSION = YES;
				GCC_WARN_ABOUT_RETURN_TYPE = YES_ERROR;
				GCC_WARN_UNDECLARED_SELECTOR = YES;
				GCC_WARN_UNINITIALIZED_AUTOS = YES_AGGRESSIVE;
				GCC_WARN_UNUSED_FUNCTION = YES;
				GCC_WARN_UNUSED_VARIABLE = YES;
				IPHONEOS_DEPLOYMENT_TARGET = 15.5;
				MTL_ENABLE_DEBUG_INFO = INCLUDE_SOURCE;
				MTL_FAST_MATH = YES;
				ONLY_ACTIVE_ARCH = YES;
				SDKROOT = iphoneos;
				SWIFT_ACTIVE_COMPILATION_CONDITIONS = DEBUG;
				SWIFT_OPTIMIZATION_LEVEL = "-Onone";
			};
			name = Debug;
		};
		8CC8A25428BF545800579FFC /* Release */ = {
			isa = XCBuildConfiguration;
			buildSettings = {
				ALWAYS_SEARCH_USER_PATHS = NO;
				CLANG_ANALYZER_NONNULL = YES;
				CLANG_ANALYZER_NUMBER_OBJECT_CONVERSION = YES_AGGRESSIVE;
				CLANG_CXX_LANGUAGE_STANDARD = "gnu++17";
				CLANG_ENABLE_MODULES = YES;
				CLANG_ENABLE_OBJC_ARC = YES;
				CLANG_ENABLE_OBJC_WEAK = YES;
				CLANG_WARN_BLOCK_CAPTURE_AUTORELEASING = YES;
				CLANG_WARN_BOOL_CONVERSION = YES;
				CLANG_WARN_COMMA = YES;
				CLANG_WARN_CONSTANT_CONVERSION = YES;
				CLANG_WARN_DEPRECATED_OBJC_IMPLEMENTATIONS = YES;
				CLANG_WARN_DIRECT_OBJC_ISA_USAGE = YES_ERROR;
				CLANG_WARN_DOCUMENTATION_COMMENTS = YES;
				CLANG_WARN_EMPTY_BODY = YES;
				CLANG_WARN_ENUM_CONVERSION = YES;
				CLANG_WARN_INFINITE_RECURSION = YES;
				CLANG_WARN_INT_CONVERSION = YES;
				CLANG_WARN_NON_LITERAL_NULL_CONVERSION = YES;
				CLANG_WARN_OBJC_IMPLICIT_RETAIN_SELF = YES;
				CLANG_WARN_OBJC_LITERAL_CONVERSION = YES;
				CLANG_WARN_OBJC_ROOT_CLASS = YES_ERROR;
				CLANG_WARN_QUOTED_INCLUDE_IN_FRAMEWORK_HEADER = YES;
				CLANG_WARN_RANGE_LOOP_ANALYSIS = YES;
				CLANG_WARN_STRICT_PROTOTYPES = YES;
				CLANG_WARN_SUSPICIOUS_MOVE = YES;
				CLANG_WARN_UNGUARDED_AVAILABILITY = YES_AGGRESSIVE;
				CLANG_WARN_UNREACHABLE_CODE = YES;
				CLANG_WARN__DUPLICATE_METHOD_MATCH = YES;
				COPY_PHASE_STRIP = NO;
				DEBUG_INFORMATION_FORMAT = "dwarf-with-dsym";
				ENABLE_NS_ASSERTIONS = NO;
				ENABLE_STRICT_OBJC_MSGSEND = YES;
				GCC_C_LANGUAGE_STANDARD = gnu11;
				GCC_NO_COMMON_BLOCKS = YES;
				GCC_WARN_64_TO_32_BIT_CONVERSION = YES;
				GCC_WARN_ABOUT_RETURN_TYPE = YES_ERROR;
				GCC_WARN_UNDECLARED_SELECTOR = YES;
				GCC_WARN_UNINITIALIZED_AUTOS = YES_AGGRESSIVE;
				GCC_WARN_UNUSED_FUNCTION = YES;
				GCC_WARN_UNUSED_VARIABLE = YES;
				IPHONEOS_DEPLOYMENT_TARGET = 15.5;
				MTL_ENABLE_DEBUG_INFO = NO;
				MTL_FAST_MATH = YES;
				SDKROOT = iphoneos;
				SWIFT_COMPILATION_MODE = wholemodule;
				SWIFT_OPTIMIZATION_LEVEL = "-O";
				VALIDATE_PRODUCT = YES;
			};
			name = Release;
		};
		8CC8A25628BF545800579FFC /* Debug */ = {
			isa = XCBuildConfiguration;
			buildSettings = {
				ASSETCATALOG_COMPILER_APPICON_NAME = AppIcon;
				ASSETCATALOG_COMPILER_GLOBAL_ACCENT_COLOR_NAME = AccentColor;
				CODE_SIGN_STYLE = Automatic;
				CURRENT_PROJECT_VERSION = 1;
				DEVELOPMENT_TEAM = 5C6W5SYCQQ;
				GENERATE_INFOPLIST_FILE = YES;
				INFOPLIST_FILE = MemoProject/Info.plist;
				INFOPLIST_KEY_UIApplicationSupportsIndirectInputEvents = YES;
				INFOPLIST_KEY_UILaunchStoryboardName = LaunchScreen;
				INFOPLIST_KEY_UIMainStoryboardFile = Main;
				INFOPLIST_KEY_UISupportedInterfaceOrientations_iPad = "UIInterfaceOrientationPortrait UIInterfaceOrientationPortraitUpsideDown UIInterfaceOrientationLandscapeLeft UIInterfaceOrientationLandscapeRight";
				INFOPLIST_KEY_UISupportedInterfaceOrientations_iPhone = "UIInterfaceOrientationPortrait UIInterfaceOrientationLandscapeLeft UIInterfaceOrientationLandscapeRight";
				LD_RUNPATH_SEARCH_PATHS = (
					"$(inherited)",
					"@executable_path/Frameworks",
				);
				MARKETING_VERSION = 1.0;
				PRODUCT_BUNDLE_IDENTIFIER = com.kate.MemoProject;
				PRODUCT_NAME = "$(TARGET_NAME)";
				SWIFT_EMIT_LOC_STRINGS = YES;
				SWIFT_VERSION = 5.0;
				TARGETED_DEVICE_FAMILY = "1,2";
			};
			name = Debug;
		};
		8CC8A25728BF545800579FFC /* Release */ = {
			isa = XCBuildConfiguration;
			buildSettings = {
				ASSETCATALOG_COMPILER_APPICON_NAME = AppIcon;
				ASSETCATALOG_COMPILER_GLOBAL_ACCENT_COLOR_NAME = AccentColor;
				CODE_SIGN_STYLE = Automatic;
				CURRENT_PROJECT_VERSION = 1;
				DEVELOPMENT_TEAM = 5C6W5SYCQQ;
				GENERATE_INFOPLIST_FILE = YES;
				INFOPLIST_FILE = MemoProject/Info.plist;
				INFOPLIST_KEY_UIApplicationSupportsIndirectInputEvents = YES;
				INFOPLIST_KEY_UILaunchStoryboardName = LaunchScreen;
				INFOPLIST_KEY_UIMainStoryboardFile = Main;
				INFOPLIST_KEY_UISupportedInterfaceOrientations_iPad = "UIInterfaceOrientationPortrait UIInterfaceOrientationPortraitUpsideDown UIInterfaceOrientationLandscapeLeft UIInterfaceOrientationLandscapeRight";
				INFOPLIST_KEY_UISupportedInterfaceOrientations_iPhone = "UIInterfaceOrientationPortrait UIInterfaceOrientationLandscapeLeft UIInterfaceOrientationLandscapeRight";
				LD_RUNPATH_SEARCH_PATHS = (
					"$(inherited)",
					"@executable_path/Frameworks",
				);
				MARKETING_VERSION = 1.0;
				PRODUCT_BUNDLE_IDENTIFIER = com.kate.MemoProject;
				PRODUCT_NAME = "$(TARGET_NAME)";
				SWIFT_EMIT_LOC_STRINGS = YES;
				SWIFT_VERSION = 5.0;
				TARGETED_DEVICE_FAMILY = "1,2";
			};
			name = Release;
		};
/* End XCBuildConfiguration section */

/* Begin XCConfigurationList section */
		8CC8A23C28BF545600579FFC /* Build configuration list for PBXProject "MemoProject" */ = {
			isa = XCConfigurationList;
			buildConfigurations = (
				8CC8A25328BF545800579FFC /* Debug */,
				8CC8A25428BF545800579FFC /* Release */,
			);
			defaultConfigurationIsVisible = 0;
			defaultConfigurationName = Release;
		};
		8CC8A25528BF545800579FFC /* Build configuration list for PBXNativeTarget "MemoProject" */ = {
			isa = XCConfigurationList;
			buildConfigurations = (
				8CC8A25628BF545800579FFC /* Debug */,
				8CC8A25728BF545800579FFC /* Release */,
			);
			defaultConfigurationIsVisible = 0;
			defaultConfigurationName = Release;
		};
/* End XCConfigurationList section */

/* Begin XCRemoteSwiftPackageReference section */
		8CC8A26028BF685E00579FFC /* XCRemoteSwiftPackageReference "SnapKit" */ = {
			isa = XCRemoteSwiftPackageReference;
			repositoryURL = "https://github.com/SnapKit/SnapKit.git";
			requirement = {
				kind = upToNextMajorVersion;
				minimumVersion = 5.0.0;
			};
		};
		8CC8A26728C0F2FA00579FFC /* XCRemoteSwiftPackageReference "realm-swift" */ = {
			isa = XCRemoteSwiftPackageReference;
			repositoryURL = "https://github.com/realm/realm-swift.git";
			requirement = {
				kind = upToNextMajorVersion;
				minimumVersion = 10.0.0;
			};
		};
/* End XCRemoteSwiftPackageReference section */

/* Begin XCSwiftPackageProductDependency section */
		8CC8A26128BF685E00579FFC /* SnapKit */ = {
			isa = XCSwiftPackageProductDependency;
			package = 8CC8A26028BF685E00579FFC /* XCRemoteSwiftPackageReference "SnapKit" */;
			productName = SnapKit;
		};
		8CC8A26828C0F2FA00579FFC /* Realm */ = {
			isa = XCSwiftPackageProductDependency;
			package = 8CC8A26728C0F2FA00579FFC /* XCRemoteSwiftPackageReference "realm-swift" */;
			productName = Realm;
		};
		8CC8A26A28C0F2FA00579FFC /* RealmSwift */ = {
			isa = XCSwiftPackageProductDependency;
			package = 8CC8A26728C0F2FA00579FFC /* XCRemoteSwiftPackageReference "realm-swift" */;
			productName = RealmSwift;
		};
/* End XCSwiftPackageProductDependency section */
	};
	rootObject = 8CC8A23928BF545600579FFC /* Project object */;
}
